
Microsoft Visual Studio Solution File, Format Version 12.00
# Visual Studio Version 16
VisualStudioVersion = 25.0.1700.7
MinimumVisualStudioVersion = 10.0.40219.1
Project("{FAE04EC0-301F-11D3-BF4B-00C04F79EFBC}") = "Ads", "SamerkandeSystem\Ads.csproj", "{6A399D7E-4145-4207-B4E1-38A9F36521B2}"
EndProject
Project("{FAE04EC0-301F-11D3-BF4B-00C04F79EFBC}") = "Subscribers", "Subscribers\Subscribers.csproj", "{B20C6C83-3018-4E8D-A8CA-B0CFD7FAF584}"
EndProject
Global
	GlobalSection(SolutionConfigurationPlatforms) = preSolution
		Debug|Any CPU = Debug|Any CPU
		Release|Any CPU = Release|Any CPU
	EndGlobalSection
	GlobalSection(ProjectConfigurationPlatforms) = postSolution
		{6A399D7E-4145-4207-B4E1-38A9F36521B2}.Debug|Any CPU.ActiveCfg = Debug|Any CPU
		{6A399D7E-4145-4207-B4E1-38A9F36521B2}.Debug|Any CPU.Build.0 = Debug|Any CPU
		{6A399D7E-4145-4207-B4E1-38A9F36521B2}.Release|Any CPU.ActiveCfg = Release|Any CPU
		{6A399D7E-4145-4207-B4E1-38A9F36521B2}.Release|Any CPU.Build.0 = Release|Any CPU
		{B20C6C83-3018-4E8D-A8CA-B0CFD7FAF584}.Debug|Any CPU.ActiveCfg = Debug|Any CPU
		{B20C6C83-3018-4E8D-A8CA-B0CFD7FAF584}.Debug|Any CPU.Build.0 = Debug|Any CPU
		{B20C6C83-3018-4E8D-A8CA-B0CFD7FAF584}.Release|Any CPU.ActiveCfg = Release|Any CPU
		{B20C6C83-3018-4E8D-A8CA-B0CFD7FAF584}.Release|Any CPU.Build.0 = Release|Any CPU
	EndGlobalSection
	GlobalSection(SolutionProperties) = preSolution
		HideSolutionNode = FALSE
	EndGlobalSection
	GlobalSection(ExtensibilityGlobals) = postSolution
		SolutionGuid = {06A58696-D783-422E-8A53-97278C435845}
	EndGlobalSection
EndGlobal
